Microsoft Visual Studio Solution File, Format Version 12.00
# Visual Studio 2012
Project("{FAE04EC0-301F-11D3-BF4B-00C04F79EFBC}") = "Desktop", "Desktop.csproj", "{CC717B8E-4A3B-4C1F-A1DE-7EEBE6FA6B0D}"
EndProject
Global
	GlobalSection(SolutionConfigurationPlatforms) = preSolution
	Debug|Any CPU = Debug|Any CPU
	ExportDebug|Any CPU = ExportDebug|Any CPU
	ExportRelease|Any CPU = ExportRelease|Any CPU
	EndGlobalSection
	GlobalSection(ProjectConfigurationPlatforms) = postSolution
		{CC717B8E-4A3B-4C1F-A1DE-7EEBE6FA6B0D}.Debug|Any CPU.ActiveCfg = Debug|Any CPU
		{CC717B8E-4A3B-4C1F-A1DE-7EEBE6FA6B0D}.Debug|Any CPU.Build.0 = Debug|Any CPU
		{CC717B8E-4A3B-4C1F-A1DE-7EEBE6FA6B0D}.ExportDebug|Any CPU.ActiveCfg = ExportDebug|Any CPU
		{CC717B8E-4A3B-4C1F-A1DE-7EEBE6FA6B0D}.ExportDebug|Any CPU.Build.0 = ExportDebug|Any CPU
		{CC717B8E-4A3B-4C1F-A1DE-7EEBE6FA6B0D}.ExportRelease|Any CPU.ActiveCfg = ExportRelease|Any CPU
		{CC717B8E-4A3B-4C1F-A1DE-7EEBE6FA6B0D}.ExportRelease|Any CPU.Build.0 = ExportRelease|Any CPU
	EndGlobalSection
EndGlobal
